
Microsoft Visual Studio Solution File, Format Version 12.00
# Visual Studio 15
VisualStudioVersion = 15.0.26403.7
MinimumVisualStudioVersion = 10.0.40219.1
Project("{2150E333-8FDC-42A3-9474-1A3956D46DE8}") = "Engine", "Engine", "{F7A58C70-4F82-47A4-82CE-7C4D68DC4E47}"
EndProject
Project("{2150E333-8FDC-42A3-9474-1A3956D46DE8}") = "Games", "Games", "{1608D3D2-6EF2-4FFB-8F9F-52F3B0E57AAF}"
EndProject
Project("{8BC9CEB8-8B4A-11D0-8D11-00A0C91BC942}") = "UE4", "Intermediate\ProjectFiles\UE4.vcxproj", "{970FCB34-AE57-48C6-BA3E-1AD3964E33CD}"
EndProject
Project("{8BC9CEB8-8B4A-11D0-8D11-00A0C91BC942}") = "BuildingEscape", "Intermediate\ProjectFiles\BuildingEscape.vcxproj", "{46C9C061-2676-4340-BB3A-199CEB2D9AF1}"
EndProject
Global
	GlobalSection(SolutionConfigurationPlatforms) = preSolution
		DebugGame Editor|HTML5 = DebugGame Editor|HTML5
		DebugGame Editor|Win32 = DebugGame Editor|Win32
		DebugGame Editor|Win64 = DebugGame Editor|Win64
		DebugGame|HTML5 = DebugGame|HTML5
		DebugGame|Win32 = DebugGame|Win32
		DebugGame|Win64 = DebugGame|Win64
		Development Editor|HTML5 = Development Editor|HTML5
		Development Editor|Win32 = Development Editor|Win32
		Development Editor|Win64 = Development Editor|Win64
		Development|HTML5 = Development|HTML5
		Development|Win32 = Development|Win32
		Development|Win64 = Development|Win64
		Shipping|HTML5 = Shipping|HTML5
		Shipping|Win32 = Shipping|Win32
		Shipping|Win64 = Shipping|Win64
	EndGlobalSection
	GlobalSection(ProjectConfigurationPlatforms) = postSolution
		{970FCB34-AE57-48C6-BA3E-1AD3964E33CD}.DebugGame Editor|HTML5.ActiveCfg = BuiltWithUnrealBuildTool|Win32
		{970FCB34-AE57-48C6-BA3E-1AD3964E33CD}.DebugGame Editor|HTML5.Build.0 = BuiltWithUnrealBuildTool|Win32
		{970FCB34-AE57-48C6-BA3E-1AD3964E33CD}.DebugGame Editor|Win32.ActiveCfg = BuiltWithUnrealBuildTool|Win32
		{970FCB34-AE57-48C6-BA3E-1AD3964E33CD}.DebugGame Editor|Win32.Build.0 = BuiltWithUnrealBuildTool|Win32
		{970FCB34-AE57-48C6-BA3E-1AD3964E33CD}.DebugGame Editor|Win64.ActiveCfg = BuiltWithUnrealBuildTool|Win32
		{970FCB34-AE57-48C6-BA3E-1AD3964E33CD}.DebugGame Editor|Win64.Build.0 = BuiltWithUnrealBuildTool|Win32
		{970FCB34-AE57-48C6-BA3E-1AD3964E33CD}.DebugGame|HTML5.ActiveCfg = BuiltWithUnrealBuildTool|Win32
		{970FCB34-AE57-48C6-BA3E-1AD3964E33CD}.DebugGame|HTML5.Build.0 = BuiltWithUnrealBuildTool|Win32
		{970FCB34-AE57-48C6-BA3E-1AD3964E33CD}.DebugGame|Win32.ActiveCfg = BuiltWithUnrealBuildTool|Win32
		{970FCB34-AE57-48C6-BA3E-1AD3964E33CD}.DebugGame|Win32.Build.0 = BuiltWithUnrealBuildTool|Win32
		{970FCB34-AE57-48C6-BA3E-1AD3964E33CD}.DebugGame|Win64.ActiveCfg = BuiltWithUnrealBuildTool|Win32
		{970FCB34-AE57-48C6-BA3E-1AD3964E33CD}.DebugGame|Win64.Build.0 = BuiltWithUnrealBuildTool|Win32
		{970FCB34-AE57-48C6-BA3E-1AD3964E33CD}.Development Editor|HTML5.ActiveCfg = BuiltWithUnrealBuildTool|Win32
		{970FCB34-AE57-48C6-BA3E-1AD3964E33CD}.Development Editor|HTML5.Build.0 = BuiltWithUnrealBuildTool|Win32
		{970FCB34-AE57-48C6-BA3E-1AD3964E33CD}.Development Editor|Win32.ActiveCfg = BuiltWithUnrealBuildTool|Win32
		{970FCB34-AE57-48C6-BA3E-1AD3964E33CD}.Development Editor|Win32.Build.0 = BuiltWithUnrealBuildTool|Win32
		{970FCB34-AE57-48C6-BA3E-1AD3964E33CD}.Development Editor|Win64.ActiveCfg = BuiltWithUnrealBuildTool|Win32
		{970FCB34-AE57-48C6-BA3E-1AD3964E33CD}.Development Editor|Win64.Build.0 = BuiltWithUnrealBuildTool|Win32
		{970FCB34-AE57-48C6-BA3E-1AD3964E33CD}.Development|HTML5.ActiveCfg = BuiltWithUnrealBuildTool|Win32
		{970FCB34-AE57-48C6-BA3E-1AD3964E33CD}.Development|HTML5.Build.0 = BuiltWithUnrealBuildTool|Win32
		{970FCB34-AE57-48C6-BA3E-1AD3964E33CD}.Development|Win32.ActiveCfg = BuiltWithUnrealBuildTool|Win32
		{970FCB34-AE57-48C6-BA3E-1AD3964E33CD}.Development|Win32.Build.0 = BuiltWithUnrealBuildTool|Win32
		{970FCB34-AE57-48C6-BA3E-1AD3964E33CD}.Development|Win64.ActiveCfg = BuiltWithUnrealBuildTool|Win32
		{970FCB34-AE57-48C6-BA3E-1AD3964E33CD}.Development|Win64.Build.0 = BuiltWithUnrealBuildTool|Win32
		{970FCB34-AE57-48C6-BA3E-1AD3964E33CD}.Shipping|HTML5.ActiveCfg = BuiltWithUnrealBuildTool|Win32
		{970FCB34-AE57-48C6-BA3E-1AD3964E33CD}.Shipping|HTML5.Build.0 = BuiltWithUnrealBuildTool|Win32
		{970FCB34-AE57-48C6-BA3E-1AD3964E33CD}.Shipping|Win32.ActiveCfg = BuiltWithUnrealBuildTool|Win32
		{970FCB34-AE57-48C6-BA3E-1AD3964E33CD}.Shipping|Win32.Build.0 = BuiltWithUnrealBuildTool|Win32
		{970FCB34-AE57-48C6-BA3E-1AD3964E33CD}.Shipping|Win64.ActiveCfg = BuiltWithUnrealBuildTool|Win32
		{970FCB34-AE57-48C6-BA3E-1AD3964E33CD}.Shipping|Win64.Build.0 = BuiltWithUnrealBuildTool|Win32
		{46C9C061-2676-4340-BB3A-199CEB2D9AF1}.DebugGame Editor|HTML5.ActiveCfg = HTML5_DebugGame_Editor|Win32
		{46C9C061-2676-4340-BB3A-199CEB2D9AF1}.DebugGame Editor|Win32.ActiveCfg = DebugGame_Editor|Win32
		{46C9C061-2676-4340-BB3A-199CEB2D9AF1}.DebugGame Editor|Win64.ActiveCfg = DebugGame_Editor|x64
		{46C9C061-2676-4340-BB3A-199CEB2D9AF1}.DebugGame Editor|Win64.Build.0 = DebugGame_Editor|x64
		{46C9C061-2676-4340-BB3A-199CEB2D9AF1}.DebugGame|HTML5.ActiveCfg = HTML5_DebugGame_Game|Win32
		{46C9C061-2676-4340-BB3A-199CEB2D9AF1}.DebugGame|HTML5.Build.0 = HTML5_DebugGame_Game|Win32
		{46C9C061-2676-4340-BB3A-199CEB2D9AF1}.DebugGame|Win32.ActiveCfg = DebugGame_Game|Win32
		{46C9C061-2676-4340-BB3A-199CEB2D9AF1}.DebugGame|Win32.Build.0 = DebugGame_Game|Win32
		{46C9C061-2676-4340-BB3A-199CEB2D9AF1}.DebugGame|Win64.ActiveCfg = DebugGame_Game|x64
		{46C9C061-2676-4340-BB3A-199CEB2D9AF1}.DebugGame|Win64.Build.0 = DebugGame_Game|x64
		{46C9C061-2676-4340-BB3A-199CEB2D9AF1}.Development Editor|HTML5.ActiveCfg = HTML5_Development_Editor|Win32
		{46C9C061-2676-4340-BB3A-199CEB2D9AF1}.Development Editor|Win32.ActiveCfg = Development_Editor|Win32
		{46C9C061-2676-4340-BB3A-199CEB2D9AF1}.Development Editor|Win64.ActiveCfg = Development_Editor|x64
		{46C9C061-2676-4340-BB3A-199CEB2D9AF1}.Development Editor|Win64.Build.0 = Development_Editor|x64
		{46C9C061-2676-4340-BB3A-199CEB2D9AF1}.Development|HTML5.ActiveCfg = HTML5_Development_Game|Win32
		{46C9C061-2676-4340-BB3A-199CEB2D9AF1}.Development|HTML5.Build.0 = HTML5_Development_Game|Win32
		{46C9C061-2676-4340-BB3A-199CEB2D9AF1}.Development|Win32.ActiveCfg = Development_Game|Win32
		{46C9C061-2676-4340-BB3A-199CEB2D9AF1}.Development|Win32.Build.0 = Development_Game|Win32
		{46C9C061-2676-4340-BB3A-199CEB2D9AF1}.Development|Win64.ActiveCfg = Development_Game|x64
		{46C9C061-2676-4340-BB3A-199CEB2D9AF1}.Development|Win64.Build.0 = Development_Game|x64
		{46C9C061-2676-4340-BB3A-199CEB2D9AF1}.Shipping|HTML5.ActiveCfg = HTML5_Shipping_Game|Win32
		{46C9C061-2676-4340-BB3A-199CEB2D9AF1}.Shipping|HTML5.Build.0 = HTML5_Shipping_Game|Win32
		{46C9C061-2676-4340-BB3A-199CEB2D9AF1}.Shipping|Win32.ActiveCfg = Shipping_Game|Win32
		{46C9C061-2676-4340-BB3A-199CEB2D9AF1}.Shipping|Win32.Build.0 = Shipping_Game|Win32
		{46C9C061-2676-4340-BB3A-199CEB2D9AF1}.Shipping|Win64.ActiveCfg = Shipping_Game|x64
		{46C9C061-2676-4340-BB3A-199CEB2D9AF1}.Shipping|Win64.Build.0 = Shipping_Game|x64
	EndGlobalSection
	GlobalSection(SolutionProperties) = preSolution
		HideSolutionNode = FALSE
	EndGlobalSection
	GlobalSection(NestedProjects) = preSolution
		{970FCB34-AE57-48C6-BA3E-1AD3964E33CD} = {F7A58C70-4F82-47A4-82CE-7C4D68DC4E47}
		{46C9C061-2676-4340-BB3A-199CEB2D9AF1} = {1608D3D2-6EF2-4FFB-8F9F-52F3B0E57AAF}
	EndGlobalSection
EndGlobal
